{
    "requires": true,
    "lockfileVersion": 1,
    "dependencies": {
        "froala-editor": {
            "version": "3.0.5-rc.1",
            "resolved": "https://registry.npmjs.org/froala-editor/-/froala-editor-3.0.5-rc.1.tgz",
            "integrity": "sha512-9d4ohl/UpntSuBerxjpcWPrt+4dWHL5PmjqbWVjIdvSkKvsDYSR/f6zC7s95ekcme/K7J17Hl/OzNFnraxVyIQ=="
        }
    }
}
